// !$*UTF8*$!
{
	archiveVersion = 1;
	classes = {
	};
	objectVersion = 46;
	objects = {

/* Begin PBXBuildFile section */
		4A1B555B1D2E4BF000267C67 /* WMPlayAndStoreVideoViewController.m in Sources */ = {isa = PBXBuildFile; fileRef = 4A1B555A1D2E4BF000267C67 /* WMPlayAndStoreVideoViewController.m */; };
		4A44CFC31D46F1BE00C3CC7C /* WMVideoHelper.m in Sources */ = {isa = PBXBuildFile; fileRef = 4A44CFC21D46F1BE00C3CC7C /* WMVideoHelper.m */; };
		4A44CFC71D473B8600C3CC7C /* WMRecordAudioViewController.m in Sources */ = {isa = PBXBuildFile; fileRef = 4A44CFC61D473B8600C3CC7C /* WMRecordAudioViewController.m */; };
		4A4813761D34C562003DEBF1 /* WMVideoModel.m in Sources */ = {isa = PBXBuildFile; fileRef = 4A4813751D34C562003DEBF1 /* WMVideoModel.m */; };
		4A4813791D34C571003DEBF1 /* WMAudioModel.m in Sources */ = {isa = PBXBuildFile; fileRef = 4A4813781D34C571003DEBF1 /* WMAudioModel.m */; };
		4A4A0FE81D2350330019E8FD /* main.m in Sources */ = {isa = PBXBuildFile; fileRef = 4A4A0FE71D2350330019E8FD /* main.m */; };
		4A4A0FEB1D2350330019E8FD /* AppDelegate.m in Sources */ = {isa = PBXBuildFile; fileRef = 4A4A0FEA1D2350330019E8FD /* AppDelegate.m */; };
		4A4A0FEE1D2350330019E8FD /* WMViewController.m in Sources */ = {isa = PBXBuildFile; fileRef = 4A4A0FED1D2350330019E8FD /* WMViewController.m */; };
		4A4A0FF31D2350330019E8FD /* Assets.xcassets in Resources */ = {isa = PBXBuildFile; fileRef = 4A4A0FF21D2350330019E8FD /* Assets.xcassets */; };
		4A4A0FF61D2350330019E8FD /* LaunchScreen.storyboard in Resources */ = {isa = PBXBuildFile; fileRef = 4A4A0FF41D2350330019E8FD /* LaunchScreen.storyboard */; };
		4A4A0FFF1D2354FC0019E8FD /* WMShowVideosViewController.m in Sources */ = {isa = PBXBuildFile; fileRef = 4A4A0FFE1D2354FC0019E8FD /* WMShowVideosViewController.m */; };
		4A4A10021D2359D40019E8FD /* WMCollectionViewCell.m in Sources */ = {isa = PBXBuildFile; fileRef = 4A4A10011D2359D40019E8FD /* WMCollectionViewCell.m */; };
		4A4A10311D239AC90019E8FD /* WMShootingVideoViewController.m in Sources */ = {isa = PBXBuildFile; fileRef = 4A4A10301D239AC90019E8FD /* WMShootingVideoViewController.m */; };
		4A4A81E31D37269D00477B18 /* WMVideoRecorder.m in Sources */ = {isa = PBXBuildFile; fileRef = 4A4A81E21D37269D00477B18 /* WMVideoRecorder.m */; };
		4A4A81E61D3726C400477B18 /* WMMediaPlayer.m in Sources */ = {isa = PBXBuildFile; fileRef = 4A4A81E51D3726C400477B18 /* WMMediaPlayer.m */; };
		4A4A81E91D3726EB00477B18 /* WMVideoSaver.m in Sources */ = {isa = PBXBuildFile; fileRef = 4A4A81E81D3726EB00477B18 /* WMVideoSaver.m */; };
		4A50B79F1D517FBA004B94B3 /* WMMediaUtils.m in Sources */ = {isa = PBXBuildFile; fileRef = 4A50B79E1D517FBA004B94B3 /* WMMediaUtils.m */; };
		4A5C06C81D680E1300F770B1 /* WMFilters.m in Sources */ = {isa = PBXBuildFile; fileRef = 4A5C06C71D680E1300F770B1 /* WMFilters.m */; };
		4A5C06CB1D680E1C00F770B1 /* WMFilter.m in Sources */ = {isa = PBXBuildFile; fileRef = 4A5C06CA1D680E1C00F770B1 /* WMFilter.m */; };
		4A5DED1B1D61D51600B55CEB /* WMPlayAndApplyFilterViewController.m in Sources */ = {isa = PBXBuildFile; fileRef = 4A5DED1A1D61D51600B55CEB /* WMPlayAndApplyFilterViewController.m */; };
		4A5E15271D545D9200782A0C /* works.mov in Resources */ = {isa = PBXBuildFile; fileRef = 4A5E15261D545D9200782A0C /* works.mov */; };
		4A6B53441D6BEAB500E93D09 /* filters.plist in Resources */ = {isa = PBXBuildFile; fileRef = 4A6B53431D6BEAB500E93D09 /* filters.plist */; };
		4A6B534F1D6C6A9E00E93D09 /* WMNotificationStrings.m in Sources */ = {isa = PBXBuildFile; fileRef = 4A6B534E1D6C6A9E00E93D09 /* WMNotificationStrings.m */; };
		4A7612A81D502E4400DEB65A /* WMAudioHelper.m in Sources */ = {isa = PBXBuildFile; fileRef = 4A7612A71D502E4400DEB65A /* WMAudioHelper.m */; };
		4A7612B11D50319100DEB65A /* WMAudioRecorder.m in Sources */ = {isa = PBXBuildFile; fileRef = 4A7612B01D50319100DEB65A /* WMAudioRecorder.m */; };
		4A7612B41D509AC500DEB65A /* WMAudioSaver.m in Sources */ = {isa = PBXBuildFile; fileRef = 4A7612B31D509AC500DEB65A /* WMAudioSaver.m */; };
		4A7EF1791D6EB43700458B28 /* WMPlayAndApplyFilterOnStoredVideoViewController.m in Sources */ = {isa = PBXBuildFile; fileRef = 4A7EF1781D6EB43700458B28 /* WMPlayAndApplyFilterOnStoredVideoViewController.m */; };
		4A90B5211D65A5E6002DB2A2 /* WMAudioModelManager.m in Sources */ = {isa = PBXBuildFile; fileRef = 4A90B51C1D65A5E6002DB2A2 /* WMAudioModelManager.m */; };
		4A90B5221D65A5E6002DB2A2 /* WMMediaModelManager.m in Sources */ = {isa = PBXBuildFile; fileRef = 4A90B51E1D65A5E6002DB2A2 /* WMMediaModelManager.m */; };
		4A90B5231D65A5E6002DB2A2 /* WMVideoModelManager.m in Sources */ = {isa = PBXBuildFile; fileRef = 4A90B5201D65A5E6002DB2A2 /* WMVideoModelManager.m */; };
		4A90B5261D65A609002DB2A2 /* WMMediaModel.m in Sources */ = {isa = PBXBuildFile; fileRef = 4A90B5251D65A609002DB2A2 /* WMMediaModel.m */; };
		4A90B5321D65A7EB002DB2A2 /* WMEditVideoViewController.m in Sources */ = {isa = PBXBuildFile; fileRef = 4A90B52F1D65A7EB002DB2A2 /* WMEditVideoViewController.m */; };
		4A90B5331D65A7EB002DB2A2 /* WMVideoCollectionViewCell.m in Sources */ = {isa = PBXBuildFile; fileRef = 4A90B5311D65A7EB002DB2A2 /* WMVideoCollectionViewCell.m */; };
		4A9AEADA1D53249F0033F15B /* DACircularProgressView.m in Sources */ = {isa = PBXBuildFile; fileRef = 4A9AEAD71D53249F0033F15B /* DACircularProgressView.m */; };
		4A9AEADB1D53249F0033F15B /* DALabeledCircularProgressView.m in Sources */ = {isa = PBXBuildFile; fileRef = 4A9AEAD91D53249F0033F15B /* DALabeledCircularProgressView.m */; };
		4ABFA2A41D4F2AEA005AFE7F /* WMPlayAndStoreAudioViewController.m in Sources */ = {isa = PBXBuildFile; fileRef = 4ABFA2A31D4F2AEA005AFE7F /* WMPlayAndStoreAudioViewController.m */; };
		4AC1169F1D41E26500C1D143 /* WMMediaSharer.m in Sources */ = {isa = PBXBuildFile; fileRef = 4AC1169E1D41E26500C1D143 /* WMMediaSharer.m */; };
		4AFE0BB81D64071300CB6373 /* WMFilterCollectionViewCell.m in Sources */ = {isa = PBXBuildFile; fileRef = 4AFE0BB71D64071300CB6373 /* WMFilterCollectionViewCell.m */; };
/* End PBXBuildFile section */

/* Begin PBXFileReference section */
		4A1B55591D2E4BF000267C67 /* WMPlayAndStoreVideoViewController.h */ = {isa = PBXFileReference; fileEncoding = 4; lastKnownFileType = sourcecode.c.h; path = WMPlayAndStoreVideoViewController.h; sourceTree = "<group>"; };
		4A1B555A1D2E4BF000267C67 /* WMPlayAndStoreVideoViewController.m */ = {isa = PBXFileReference; fileEncoding = 4; lastKnownFileType = sourcecode.c.objc; path = WMPlayAndStoreVideoViewController.m; sourceTree = "<group>"; };
		4A44CFC11D46F1BE00C3CC7C /* WMVideoHelper.h */ = {isa = PBXFileReference; fileEncoding = 4; lastKnownFileType = sourcecode.c.h; path = WMVideoHelper.h; sourceTree = "<group>"; };
		4A44CFC21D46F1BE00C3CC7C /* WMVideoHelper.m */ = {isa = PBXFileReference; fileEncoding = 4; lastKnownFileType = sourcecode.c.objc; path = WMVideoHelper.m; sourceTree = "<group>"; };
		4A44CFC51D473B8600C3CC7C /* WMRecordAudioViewController.h */ = {isa = PBXFileReference; fileEncoding = 4; lastKnownFileType = sourcecode.c.h; path = WMRecordAudioViewController.h; sourceTree = "<group>"; };
		4A44CFC61D473B8600C3CC7C /* WMRecordAudioViewController.m */ = {isa = PBXFileReference; fileEncoding = 4; lastKnownFileType = sourcecode.c.objc; path = WMRecordAudioViewController.m; sourceTree = "<group>"; };
		4A4813741D34C562003DEBF1 /* WMVideoModel.h */ = {isa = PBXFileReference; fileEncoding = 4; lastKnownFileType = sourcecode.c.h; name = WMVideoModel.h; path = Model/WMVideoModel.h; sourceTree = "<group>"; };
		4A4813751D34C562003DEBF1 /* WMVideoModel.m */ = {isa = PBXFileReference; fileEncoding = 4; lastKnownFileType = sourcecode.c.objc; name = WMVideoModel.m; path = Model/WMVideoModel.m; sourceTree = "<group>"; };
		4A4813771D34C571003DEBF1 /* WMAudioModel.h */ = {isa = PBXFileReference; fileEncoding = 4; lastKnownFileType = sourcecode.c.h; name = WMAudioModel.h; path = Model/WMAudioModel.h; sourceTree = "<group>"; };
		4A4813781D34C571003DEBF1 /* WMAudioModel.m */ = {isa = PBXFileReference; fileEncoding = 4; lastKnownFileType = sourcecode.c.objc; name = WMAudioModel.m; path = Model/WMAudioModel.m; sourceTree = "<group>"; };
		4A4A0FE31D2350330019E8FD /* WorksMovie.app */ = {isa = PBXFileReference; explicitFileType = wrapper.application; includeInIndex = 0; path = WorksMovie.app; sourceTree = BUILT_PRODUCTS_DIR; };
		4A4A0FE71D2350330019E8FD /* main.m */ = {isa = PBXFileReference; lastKnownFileType = sourcecode.c.objc; path = main.m; sourceTree = "<group>"; };
		4A4A0FE91D2350330019E8FD /* AppDelegate.h */ = {isa = PBXFileReference; lastKnownFileType = sourcecode.c.h; path = AppDelegate.h; sourceTree = "<group>"; };
		4A4A0FEA1D2350330019E8FD /* AppDelegate.m */ = {isa = PBXFileReference; lastKnownFileType = sourcecode.c.objc; path = AppDelegate.m; sourceTree = "<group>"; };
		4A4A0FEC1D2350330019E8FD /* WMViewController.h */ = {isa = PBXFileReference; lastKnownFileType = sourcecode.c.h; path = WMViewController.h; sourceTree = "<group>"; };
		4A4A0FED1D2350330019E8FD /* WMViewController.m */ = {isa = PBXFileReference; lastKnownFileType = sourcecode.c.objc; path = WMViewController.m; sourceTree = "<group>"; };
		4A4A0FF21D2350330019E8FD /* Assets.xcassets */ = {isa = PBXFileReference; lastKnownFileType = folder.assetcatalog; path = Assets.xcassets; sourceTree = "<group>"; };
		4A4A0FF51D2350330019E8FD /* Base */ = {isa = PBXFileReference; lastKnownFileType = file.storyboard; name = Base; path = Base.lproj/LaunchScreen.storyboard; sourceTree = "<group>"; };
		4A4A0FF71D2350330019E8FD /* Info.plist */ = {isa = PBXFileReference; lastKnownFileType = text.plist.xml; path = Info.plist; sourceTree = "<group>"; };
		4A4A0FFD1D2354FC0019E8FD /* WMShowVideosViewController.h */ = {isa = PBXFileReference; fileEncoding = 4; lastKnownFileType = sourcecode.c.h; path = WMShowVideosViewController.h; sourceTree = "<group>"; };
		4A4A0FFE1D2354FC0019E8FD /* WMShowVideosViewController.m */ = {isa = PBXFileReference; fileEncoding = 4; lastKnownFileType = sourcecode.c.objc; path = WMShowVideosViewController.m; sourceTree = "<group>"; };
		4A4A10001D2359D40019E8FD /* WMCollectionViewCell.h */ = {isa = PBXFileReference; fileEncoding = 4; lastKnownFileType = sourcecode.c.h; path = WMCollectionViewCell.h; sourceTree = "<group>"; };
		4A4A10011D2359D40019E8FD /* WMCollectionViewCell.m */ = {isa = PBXFileReference; fileEncoding = 4; lastKnownFileType = sourcecode.c.objc; path = WMCollectionViewCell.m; sourceTree = "<group>"; };
		4A4A102F1D239AC90019E8FD /* WMShootingVideoViewController.h */ = {isa = PBXFileReference; fileEncoding = 4; lastKnownFileType = sourcecode.c.h; path = WMShootingVideoViewController.h; sourceTree = "<group>"; };
		4A4A10301D239AC90019E8FD /* WMShootingVideoViewController.m */ = {isa = PBXFileReference; fileEncoding = 4; lastKnownFileType = sourcecode.c.objc; path = WMShootingVideoViewController.m; sourceTree = "<group>"; };
		4A4A81E11D37269D00477B18 /* WMVideoRecorder.h */ = {isa = PBXFileReference; fileEncoding = 4; lastKnownFileType = sourcecode.c.h; path = WMVideoRecorder.h; sourceTree = "<group>"; };
		4A4A81E21D37269D00477B18 /* WMVideoRecorder.m */ = {isa = PBXFileReference; fileEncoding = 4; lastKnownFileType = sourcecode.c.objc; path = WMVideoRecorder.m; sourceTree = "<group>"; };
		4A4A81E41D3726C400477B18 /* WMMediaPlayer.h */ = {isa = PBXFileReference; fileEncoding = 4; lastKnownFileType = sourcecode.c.h; path = WMMediaPlayer.h; sourceTree = "<group>"; };
		4A4A81E51D3726C400477B18 /* WMMediaPlayer.m */ = {isa = PBXFileReference; fileEncoding = 4; lastKnownFileType = sourcecode.c.objc; path = WMMediaPlayer.m; sourceTree = "<group>"; };
		4A4A81E71D3726EB00477B18 /* WMVideoSaver.h */ = {isa = PBXFileReference; fileEncoding = 4; lastKnownFileType = sourcecode.c.h; path = WMVideoSaver.h; sourceTree = "<group>"; };
		4A4A81E81D3726EB00477B18 /* WMVideoSaver.m */ = {isa = PBXFileReference; fileEncoding = 4; lastKnownFileType = sourcecode.c.objc; path = WMVideoSaver.m; sourceTree = "<group>"; };
		4A50B79D1D517FBA004B94B3 /* WMMediaUtils.h */ = {isa = PBXFileReference; fileEncoding = 4; lastKnownFileType = sourcecode.c.h; path = WMMediaUtils.h; sourceTree = "<group>"; };
		4A50B79E1D517FBA004B94B3 /* WMMediaUtils.m */ = {isa = PBXFileReference; fileEncoding = 4; lastKnownFileType = sourcecode.c.objc; path = WMMediaUtils.m; sourceTree = "<group>"; };
		4A5C06C61D680E1300F770B1 /* WMFilters.h */ = {isa = PBXFileReference; fileEncoding = 4; lastKnownFileType = sourcecode.c.h; path = WMFilters.h; sourceTree = "<group>"; };
		4A5C06C71D680E1300F770B1 /* WMFilters.m */ = {isa = PBXFileReference; fileEncoding = 4; lastKnownFileType = sourcecode.c.objc; path = WMFilters.m; sourceTree = "<group>"; };
		4A5C06C91D680E1C00F770B1 /* WMFilter.h */ = {isa = PBXFileReference; fileEncoding = 4; lastKnownFileType = sourcecode.c.h; path = WMFilter.h; sourceTree = "<group>"; };
		4A5C06CA1D680E1C00F770B1 /* WMFilter.m */ = {isa = PBXFileReference; fileEncoding = 4; lastKnownFileType = sourcecode.c.objc; path = WMFilter.m; sourceTree = "<group>"; };
		4A5DED191D61D51600B55CEB /* WMPlayAndApplyFilterViewController.h */ = {isa = PBXFileReference; fileEncoding = 4; lastKnownFileType = sourcecode.c.h; path = WMPlayAndApplyFilterViewController.h; sourceTree = "<group>"; };
		4A5DED1A1D61D51600B55CEB /* WMPlayAndApplyFilterViewController.m */ = {isa = PBXFileReference; fileEncoding = 4; lastKnownFileType = sourcecode.c.objc; path = WMPlayAndApplyFilterViewController.m; sourceTree = "<group>"; };
		4A5E15261D545D9200782A0C /* works.mov */ = {isa = PBXFileReference; lastKnownFileType = video.quicktime; path = works.mov; sourceTree = "<group>"; };
		4A6B53431D6BEAB500E93D09 /* filters.plist */ = {isa = PBXFileReference; fileEncoding = 4; lastKnownFileType = text.plist.xml; path = filters.plist; sourceTree = "<group>"; };
		4A6B534D1D6C6A9E00E93D09 /* WMNotificationStrings.h */ = {isa = PBXFileReference; fileEncoding = 4; lastKnownFileType = sourcecode.c.h; path = WMNotificationStrings.h; sourceTree = "<group>"; };
		4A6B534E1D6C6A9E00E93D09 /* WMNotificationStrings.m */ = {isa = PBXFileReference; fileEncoding = 4; lastKnownFileType = sourcecode.c.objc; path = WMNotificationStrings.m; sourceTree = "<group>"; };
		4A7612A61D502E4400DEB65A /* WMAudioHelper.h */ = {isa = PBXFileReference; fileEncoding = 4; lastKnownFileType = sourcecode.c.h; path = WMAudioHelper.h; sourceTree = "<group>"; };
		4A7612A71D502E4400DEB65A /* WMAudioHelper.m */ = {isa = PBXFileReference; fileEncoding = 4; lastKnownFileType = sourcecode.c.objc; path = WMAudioHelper.m; sourceTree = "<group>"; };
		4A7612A91D502E6C00DEB65A /* WMMultiMediaHelperProtocol.h */ = {isa = PBXFileReference; fileEncoding = 4; lastKnownFileType = sourcecode.c.h; path = WMMultiMediaHelperProtocol.h; sourceTree = "<group>"; };
		4A7612AB1D502FBB00DEB65A /* WMMultiMediaRecordProtocol.h */ = {isa = PBXFileReference; fileEncoding = 4; lastKnownFileType = sourcecode.c.h; path = WMMultiMediaRecordProtocol.h; sourceTree = "<group>"; };
		4A7612AF1D50319100DEB65A /* WMAudioRecorder.h */ = {isa = PBXFileReference; fileEncoding = 4; lastKnownFileType = sourcecode.c.h; path = WMAudioRecorder.h; sourceTree = "<group>"; };
		4A7612B01D50319100DEB65A /* WMAudioRecorder.m */ = {isa = PBXFileReference; fileEncoding = 4; lastKnownFileType = sourcecode.c.objc; path = WMAudioRecorder.m; sourceTree = "<group>"; };
		4A7612B21D509AC500DEB65A /* WMAudioSaver.h */ = {isa = PBXFileReference; fileEncoding = 4; lastKnownFileType = sourcecode.c.h; path = WMAudioSaver.h; sourceTree = "<group>"; };
		4A7612B31D509AC500DEB65A /* WMAudioSaver.m */ = {isa = PBXFileReference; fileEncoding = 4; lastKnownFileType = sourcecode.c.objc; path = WMAudioSaver.m; sourceTree = "<group>"; };
		4A7612B51D509AEA00DEB65A /* WMMediaSaveProtocol.h */ = {isa = PBXFileReference; fileEncoding = 4; lastKnownFileType = sourcecode.c.h; path = WMMediaSaveProtocol.h; sourceTree = "<group>"; };
		4A7EF1771D6EB43700458B28 /* WMPlayAndApplyFilterOnStoredVideoViewController.h */ = {isa = PBXFileReference; fileEncoding = 4; lastKnownFileType = sourcecode.c.h; path = WMPlayAndApplyFilterOnStoredVideoViewController.h; sourceTree = "<group>"; };
		4A7EF1781D6EB43700458B28 /* WMPlayAndApplyFilterOnStoredVideoViewController.m */ = {isa = PBXFileReference; fileEncoding = 4; lastKnownFileType = sourcecode.c.objc; path = WMPlayAndApplyFilterOnStoredVideoViewController.m; sourceTree = "<group>"; };
		4A90B51B1D65A5E6002DB2A2 /* WMAudioModelManager.h */ = {isa = PBXFileReference; fileEncoding = 4; lastKnownFileType = sourcecode.c.h; name = WMAudioModelManager.h; path = ModelManager/WMAudioModelManager.h; sourceTree = "<group>"; };
		4A90B51C1D65A5E6002DB2A2 /* WMAudioModelManager.m */ = {isa = PBXFileReference; fileEncoding = 4; lastKnownFileType = sourcecode.c.objc; name = WMAudioModelManager.m; path = ModelManager/WMAudioModelManager.m; sourceTree = "<group>"; };
		4A90B51D1D65A5E6002DB2A2 /* WMMediaModelManager.h */ = {isa = PBXFileReference; fileEncoding = 4; lastKnownFileType = sourcecode.c.h; name = WMMediaModelManager.h; path = ModelManager/WMMediaModelManager.h; sourceTree = "<group>"; };
		4A90B51E1D65A5E6002DB2A2 /* WMMediaModelManager.m */ = {isa = PBXFileReference; fileEncoding = 4; lastKnownFileType = sourcecode.c.objc; name = WMMediaModelManager.m; path = ModelManager/WMMediaModelManager.m; sourceTree = "<group>"; };
		4A90B51F1D65A5E6002DB2A2 /* WMVideoModelManager.h */ = {isa = PBXFileReference; fileEncoding = 4; lastKnownFileType = sourcecode.c.h; name = WMVideoModelManager.h; path = ModelManager/WMVideoModelManager.h; sourceTree = "<group>"; };
		4A90B5201D65A5E6002DB2A2 /* WMVideoModelManager.m */ = {isa = PBXFileReference; fileEncoding = 4; lastKnownFileType = sourcecode.c.objc; name = WMVideoModelManager.m; path = ModelManager/WMVideoModelManager.m; sourceTree = "<group>"; };
		4A90B5241D65A609002DB2A2 /* WMMediaModel.h */ = {isa = PBXFileReference; fileEncoding = 4; lastKnownFileType = sourcecode.c.h; name = WMMediaModel.h; path = Model/WMMediaModel.h; sourceTree = "<group>"; };
		4A90B5251D65A609002DB2A2 /* WMMediaModel.m */ = {isa = PBXFileReference; fileEncoding = 4; lastKnownFileType = sourcecode.c.objc; name = WMMediaModel.m; path = Model/WMMediaModel.m; sourceTree = "<group>"; };
		4A90B52E1D65A7EB002DB2A2 /* WMEditVideoViewController.h */ = {isa = PBXFileReference; fileEncoding = 4; lastKnownFileType = sourcecode.c.h; path = WMEditVideoViewController.h; sourceTree = "<group>"; };
		4A90B52F1D65A7EB002DB2A2 /* WMEditVideoViewController.m */ = {isa = PBXFileReference; fileEncoding = 4; lastKnownFileType = sourcecode.c.objc; path = WMEditVideoViewController.m; sourceTree = "<group>"; };
		4A90B5301D65A7EB002DB2A2 /* WMVideoCollectionViewCell.h */ = {isa = PBXFileReference; fileEncoding = 4; lastKnownFileType = sourcecode.c.h; path = WMVideoCollectionViewCell.h; sourceTree = "<group>"; };
		4A90B5311D65A7EB002DB2A2 /* WMVideoCollectionViewCell.m */ = {isa = PBXFileReference; fileEncoding = 4; lastKnownFileType = sourcecode.c.objc; path = WMVideoCollectionViewCell.m; sourceTree = "<group>"; };
		4A9AEAD61D53249F0033F15B /* DACircularProgressView.h */ = {isa = PBXFileReference; fileEncoding = 4; lastKnownFileType = sourcecode.c.h; path = DACircularProgressView.h; sourceTree = "<group>"; };
		4A9AEAD71D53249F0033F15B /* DACircularProgressView.m */ = {isa = PBXFileReference; fileEncoding = 4; lastKnownFileType = sourcecode.c.objc; path = DACircularProgressView.m; sourceTree = "<group>"; };
		4A9AEAD81D53249F0033F15B /* DALabeledCircularProgressView.h */ = {isa = PBXFileReference; fileEncoding = 4; lastKnownFileType = sourcecode.c.h; path = DALabeledCircularProgressView.h; sourceTree = "<group>"; };
		4A9AEAD91D53249F0033F15B /* DALabeledCircularProgressView.m */ = {isa = PBXFileReference; fileEncoding = 4; lastKnownFileType = sourcecode.c.objc; path = DALabeledCircularProgressView.m; sourceTree = "<group>"; };
		4ABFA2A21D4F2AEA005AFE7F /* WMPlayAndStoreAudioViewController.h */ = {isa = PBXFileReference; fileEncoding = 4; lastKnownFileType = sourcecode.c.h; path = WMPlayAndStoreAudioViewController.h; sourceTree = "<group>"; };
		4ABFA2A31D4F2AEA005AFE7F /* WMPlayAndStoreAudioViewController.m */ = {isa = PBXFileReference; fileEncoding = 4; lastKnownFileType = sourcecode.c.objc; path = WMPlayAndStoreAudioViewController.m; sourceTree = "<group>"; };
		4AC1169D1D41E26500C1D143 /* WMMediaSharer.h */ = {isa = PBXFileReference; fileEncoding = 4; lastKnownFileType = sourcecode.c.h; path = WMMediaSharer.h; sourceTree = "<group>"; };
		4AC1169E1D41E26500C1D143 /* WMMediaSharer.m */ = {isa = PBXFileReference; fileEncoding = 4; lastKnownFileType = sourcecode.c.objc; path = WMMediaSharer.m; sourceTree = "<group>"; };
		4AFE0BB61D64071300CB6373 /* WMFilterCollectionViewCell.h */ = {isa = PBXFileReference; fileEncoding = 4; lastKnownFileType = sourcecode.c.h; path = WMFilterCollectionViewCell.h; sourceTree = "<group>"; };
		4AFE0BB71D64071300CB6373 /* WMFilterCollectionViewCell.m */ = {isa = PBXFileReference; fileEncoding = 4; lastKnownFileType = sourcecode.c.objc; path = WMFilterCollectionViewCell.m; sourceTree = "<group>"; };
/* End PBXFileReference section */

/* Begin PBXFrameworksBuildPhase section */
		4A4A0FE01D2350330019E8FD /* Frameworks */ = {
			isa = PBXFrameworksBuildPhase;
			buildActionMask = 2147483647;
			files = (
			);
			runOnlyForDeploymentPostprocessing = 0;
		};
/* End PBXFrameworksBuildPhase section */

/* Begin PBXGroup section */
		4A44CFC01D46F1A400C3CC7C /* HelperClasses */ = {
			isa = PBXGroup;
			children = (
				4A44CFC11D46F1BE00C3CC7C /* WMVideoHelper.h */,
				4A44CFC21D46F1BE00C3CC7C /* WMVideoHelper.m */,
				4A7612A61D502E4400DEB65A /* WMAudioHelper.h */,
				4A7612A71D502E4400DEB65A /* WMAudioHelper.m */,
				4A7612A91D502E6C00DEB65A /* WMMultiMediaHelperProtocol.h */,
			);
			name = HelperClasses;
			sourceTree = "<group>";
		};
		4A44CFC41D473B7300C3CC7C /* RecordAudio */ = {
			isa = PBXGroup;
			children = (
				4A44CFC51D473B8600C3CC7C /* WMRecordAudioViewController.h */,
				4A44CFC61D473B8600C3CC7C /* WMRecordAudioViewController.m */,
			);
			name = RecordAudio;
			sourceTree = "<group>";
		};
		4A48136C1D34B9E6003DEBF1 /* Model */ = {
			isa = PBXGroup;
			children = (
				4A90B5241D65A609002DB2A2 /* WMMediaModel.h */,
				4A90B5251D65A609002DB2A2 /* WMMediaModel.m */,
				4A4813741D34C562003DEBF1 /* WMVideoModel.h */,
				4A4813751D34C562003DEBF1 /* WMVideoModel.m */,
				4A4813771D34C571003DEBF1 /* WMAudioModel.h */,
				4A4813781D34C571003DEBF1 /* WMAudioModel.m */,
			);
			name = Model;
			sourceTree = "<group>";
		};
		4A48137A1D34DEBC003DEBF1 /* MainPage */ = {
			isa = PBXGroup;
			children = (
				4A4A0FEC1D2350330019E8FD /* WMViewController.h */,
				4A4A0FED1D2350330019E8FD /* WMViewController.m */,
			);
			name = MainPage;
			sourceTree = "<group>";
		};
		4A48137B1D34DEDB003DEBF1 /* ShootingVideo */ = {
			isa = PBXGroup;
			children = (
				4A4A102F1D239AC90019E8FD /* WMShootingVideoViewController.h */,
				4A4A10301D239AC90019E8FD /* WMShootingVideoViewController.m */,
			);
			name = ShootingVideo;
			sourceTree = "<group>";
		};
		4A48137C1D34DEFB003DEBF1 /* ShowVideoList */ = {
			isa = PBXGroup;
			children = (
				4A4A0FFD1D2354FC0019E8FD /* WMShowVideosViewController.h */,
				4A4A0FFE1D2354FC0019E8FD /* WMShowVideosViewController.m */,
				4A4A10001D2359D40019E8FD /* WMCollectionViewCell.h */,
				4A4A10011D2359D40019E8FD /* WMCollectionViewCell.m */,
			);
			name = ShowVideoList;
			sourceTree = "<group>";
		};
		4A48137D1D34DF13003DEBF1 /* PlayAndStoreVideo */ = {
			isa = PBXGroup;
			children = (
				4A1B55591D2E4BF000267C67 /* WMPlayAndStoreVideoViewController.h */,
				4A1B555A1D2E4BF000267C67 /* WMPlayAndStoreVideoViewController.m */,
			);
			name = PlayAndStoreVideo;
			sourceTree = "<group>";
		};
		4A4A0FDA1D2350330019E8FD = {
			isa = PBXGroup;
			children = (
				4A4A0FE51D2350330019E8FD /* WorksMovie */,
				4A4A0FE41D2350330019E8FD /* Products */,
				4A5E15261D545D9200782A0C /* works.mov */,
			);
			sourceTree = "<group>";
		};
		4A4A0FE41D2350330019E8FD /* Products */ = {
			isa = PBXGroup;
			children = (
				4A4A0FE31D2350330019E8FD /* WorksMovie.app */,
			);
			name = Products;
			sourceTree = "<group>";
		};
		4A4A0FE51D2350330019E8FD /* WorksMovie */ = {
			isa = PBXGroup;
			children = (
				4A9AEAD51D53248B0033F15B /* Progress */,
				4A44CFC01D46F1A400C3CC7C /* HelperClasses */,
				4A5EE3691D45F75D00EC8EE0 /* VideoController */,
				4A48137A1D34DEBC003DEBF1 /* MainPage */,
				4A48137B1D34DEDB003DEBF1 /* ShootingVideo */,
				4A90B5271D65A65F002DB2A2 /* EditVideo */,
				4A5DED181D61D4D600B55CEB /* ApplyFilter */,
				4A48137D1D34DF13003DEBF1 /* PlayAndStoreVideo */,
				4A48137C1D34DEFB003DEBF1 /* ShowVideoList */,
				4A44CFC41D473B7300C3CC7C /* RecordAudio */,
				4A7EF1761D6EB3F800458B28 /* ApplyFilterOnStoredVideo */,
				4ABFA2A11D4F2ABA005AFE7F /* PlayAndStoreAudio */,
				4A48136C1D34B9E6003DEBF1 /* Model */,
				4A90B51A1D65A5D2002DB2A2 /* ModelManager */,
				4A4A0FE91D2350330019E8FD /* AppDelegate.h */,
				4A4A0FEA1D2350330019E8FD /* AppDelegate.m */,
				4A4A0FF21D2350330019E8FD /* Assets.xcassets */,
				4A4A0FF41D2350330019E8FD /* LaunchScreen.storyboard */,
				4A4A0FF71D2350330019E8FD /* Info.plist */,
				4A4A0FE61D2350330019E8FD /* Supporting Files */,
				4A6B53431D6BEAB500E93D09 /* filters.plist */,
				4A6B534D1D6C6A9E00E93D09 /* WMNotificationStrings.h */,
				4A6B534E1D6C6A9E00E93D09 /* WMNotificationStrings.m */,
			);
			path = WorksMovie;
			sourceTree = "<group>";
		};
		4A4A0FE61D2350330019E8FD /* Supporting Files */ = {
			isa = PBXGroup;
			children = (
				4A4A0FE71D2350330019E8FD /* main.m */,
			);
			name = "Supporting Files";
			sourceTree = "<group>";
		};
		4A50B79C1D517F9F004B94B3 /* Utils */ = {
			isa = PBXGroup;
			children = (
				4A50B79D1D517FBA004B94B3 /* WMMediaUtils.h */,
				4A50B79E1D517FBA004B94B3 /* WMMediaUtils.m */,
			);
			name = Utils;
			sourceTree = "<group>";
		};
		4A5DED181D61D4D600B55CEB /* ApplyFilter */ = {
			isa = PBXGroup;
			children = (
				4A5DED191D61D51600B55CEB /* WMPlayAndApplyFilterViewController.h */,
				4A5DED1A1D61D51600B55CEB /* WMPlayAndApplyFilterViewController.m */,
				4AFE0BB61D64071300CB6373 /* WMFilterCollectionViewCell.h */,
				4AFE0BB71D64071300CB6373 /* WMFilterCollectionViewCell.m */,
				4A5C06C61D680E1300F770B1 /* WMFilters.h */,
				4A5C06C71D680E1300F770B1 /* WMFilters.m */,
				4A5C06C91D680E1C00F770B1 /* WMFilter.h */,
				4A5C06CA1D680E1C00F770B1 /* WMFilter.m */,
			);
			name = ApplyFilter;
			sourceTree = "<group>";
		};
		4A5EE3691D45F75D00EC8EE0 /* VideoController */ = {
			isa = PBXGroup;
			children = (
				4A50B79C1D517F9F004B94B3 /* Utils */,
				4A7612AA1D502F9100DEB65A /* Recorder */,
				4A7612AC1D5030CB00DEB65A /* Player */,
				4A7612AD1D5030FD00DEB65A /* Saver */,
				4A7612AE1D50310700DEB65A /* Sharer */,
			);
			name = VideoController;
			sourceTree = "<group>";
		};
		4A7612AA1D502F9100DEB65A /* Recorder */ = {
			isa = PBXGroup;
			children = (
				4A4A81E11D37269D00477B18 /* WMVideoRecorder.h */,
				4A4A81E21D37269D00477B18 /* WMVideoRecorder.m */,
				4A7612AF1D50319100DEB65A /* WMAudioRecorder.h */,
				4A7612B01D50319100DEB65A /* WMAudioRecorder.m */,
				4A7612AB1D502FBB00DEB65A /* WMMultiMediaRecordProtocol.h */,
			);
			name = Recorder;
			sourceTree = "<group>";
		};
		4A7612AC1D5030CB00DEB65A /* Player */ = {
			isa = PBXGroup;
			children = (
				4A4A81E41D3726C400477B18 /* WMMediaPlayer.h */,
				4A4A81E51D3726C400477B18 /* WMMediaPlayer.m */,
			);
			name = Player;
			sourceTree = "<group>";
		};
		4A7612AD1D5030FD00DEB65A /* Saver */ = {
			isa = PBXGroup;
			children = (
				4A4A81E71D3726EB00477B18 /* WMVideoSaver.h */,
				4A4A81E81D3726EB00477B18 /* WMVideoSaver.m */,
				4A7612B21D509AC500DEB65A /* WMAudioSaver.h */,
				4A7612B31D509AC500DEB65A /* WMAudioSaver.m */,
				4A7612B51D509AEA00DEB65A /* WMMediaSaveProtocol.h */,
			);
			name = Saver;
			sourceTree = "<group>";
		};
		4A7612AE1D50310700DEB65A /* Sharer */ = {
			isa = PBXGroup;
			children = (
				4AC1169D1D41E26500C1D143 /* WMMediaSharer.h */,
				4AC1169E1D41E26500C1D143 /* WMMediaSharer.m */,
			);
			name = Sharer;
			sourceTree = "<group>";
		};
		4A7EF1761D6EB3F800458B28 /* ApplyFilterOnStoredVideo */ = {
			isa = PBXGroup;
			children = (
				4A7EF1771D6EB43700458B28 /* WMPlayAndApplyFilterOnStoredVideoViewController.h */,
				4A7EF1781D6EB43700458B28 /* WMPlayAndApplyFilterOnStoredVideoViewController.m */,
			);
			name = ApplyFilterOnStoredVideo;
			sourceTree = "<group>";
		};
		4A90B51A1D65A5D2002DB2A2 /* ModelManager */ = {
			isa = PBXGroup;
			children = (
				4A90B51B1D65A5E6002DB2A2 /* WMAudioModelManager.h */,
				4A90B51C1D65A5E6002DB2A2 /* WMAudioModelManager.m */,
				4A90B51D1D65A5E6002DB2A2 /* WMMediaModelManager.h */,
				4A90B51E1D65A5E6002DB2A2 /* WMMediaModelManager.m */,
				4A90B51F1D65A5E6002DB2A2 /* WMVideoModelManager.h */,
				4A90B5201D65A5E6002DB2A2 /* WMVideoModelManager.m */,
			);
			name = ModelManager;
			sourceTree = "<group>";
		};
		4A90B5271D65A65F002DB2A2 /* EditVideo */ = {
			isa = PBXGroup;
			children = (
				4A90B52E1D65A7EB002DB2A2 /* WMEditVideoViewController.h */,
				4A90B52F1D65A7EB002DB2A2 /* WMEditVideoViewController.m */,
				4A90B5301D65A7EB002DB2A2 /* WMVideoCollectionViewCell.h */,
				4A90B5311D65A7EB002DB2A2 /* WMVideoCollectionViewCell.m */,
			);
			name = EditVideo;
			sourceTree = "<group>";
		};
		4A9AEAD51D53248B0033F15B /* Progress */ = {
			isa = PBXGroup;
			children = (
				4A9AEAD61D53249F0033F15B /* DACircularProgressView.h */,
				4A9AEAD71D53249F0033F15B /* DACircularProgressView.m */,
				4A9AEAD81D53249F0033F15B /* DALabeledCircularProgressView.h */,
				4A9AEAD91D53249F0033F15B /* DALabeledCircularProgressView.m */,
			);
			path = Progress;
			sourceTree = "<group>";
		};
		4ABFA2A11D4F2ABA005AFE7F /* PlayAndStoreAudio */ = {
			isa = PBXGroup;
			children = (
				4ABFA2A21D4F2AEA005AFE7F /* WMPlayAndStoreAudioViewController.h */,
				4ABFA2A31D4F2AEA005AFE7F /* WMPlayAndStoreAudioViewController.m */,
			);
			name = PlayAndStoreAudio;
			sourceTree = "<group>";
		};
/* End PBXGroup section */

/* Begin PBXNativeTarget section */
		4A4A0FE21D2350330019E8FD /* WorksMovie */ = {
			isa = PBXNativeTarget;
			buildConfigurationList = 4A4A0FFA1D2350330019E8FD /* Build configuration list for PBXNativeTarget "WorksMovie" */;
			buildPhases = (
				4A4A0FDF1D2350330019E8FD /* Sources */,
				4A4A0FE01D2350330019E8FD /* Frameworks */,
				4A4A0FE11D2350330019E8FD /* Resources */,
				OBJCLEANCUSTOMRUNSCRIPTT /* Objective-Clean Run Script */,
			);
			buildRules = (
			);
			dependencies = (
			);
			name = WorksMovie;
			productName = WorksMovie;
			productReference = 4A4A0FE31D2350330019E8FD /* WorksMovie.app */;
			productType = "com.apple.product-type.application";
		};
/* End PBXNativeTarget section */

/* Begin PBXProject section */
		4A4A0FDB1D2350330019E8FD /* Project object */ = {
			isa = PBXProject;
			attributes = {
				LastUpgradeCheck = 0730;
				ORGANIZATIONNAME = worksmobile;
				TargetAttributes = {
					4A4A0FE21D2350330019E8FD = {
						CreatedOnToolsVersion = 7.3.1;
						DevelopmentTeam = 9UZ8XJ73WT;
					};
				};
			};
			buildConfigurationList = 4A4A0FDE1D2350330019E8FD /* Build configuration list for PBXProject "WorksMovie" */;
			compatibilityVersion = "Xcode 3.2";
			developmentRegion = English;
			hasScannedForEncodings = 0;
			knownRegions = (
				en,
				Base,
			);
			mainGroup = 4A4A0FDA1D2350330019E8FD;
			productRefGroup = 4A4A0FE41D2350330019E8FD /* Products */;
			projectDirPath = "";
			projectRoot = "";
			targets = (
				4A4A0FE21D2350330019E8FD /* WorksMovie */,
			);
		};
/* End PBXProject section */

/* Begin PBXResourcesBuildPhase section */
		4A4A0FE11D2350330019E8FD /* Resources */ = {
			isa = PBXResourcesBuildPhase;
			buildActionMask = 2147483647;
			files = (
				4A6B53441D6BEAB500E93D09 /* filters.plist in Resources */,
				4A4A0FF61D2350330019E8FD /* LaunchScreen.storyboard in Resources */,
				4A5E15271D545D9200782A0C /* works.mov in Resources */,
				4A4A0FF31D2350330019E8FD /* Assets.xcassets in Resources */,
			);
			runOnlyForDeploymentPostprocessing = 0;
		};
/* End PBXResourcesBuildPhase section */

/* Begin PBXShellScriptBuildPhase section */
		OBJCLEANCUSTOMRUNSCRIPTT /* Objective-Clean Run Script */ = {
			isa = PBXShellScriptBuildPhase;
			buildActionMask = 2147483647;
			files = (
			);
			inputPaths = (
			);
			name = "Objective-Clean Run Script";
			outputPaths = (
			);
			runOnlyForDeploymentPostprocessing = 0;
			shellPath = /bin/bash;
			shellScript = "if [[ -z ${SKIP_OBJCLEAN} || ${SKIP_OBJCLEAN} != 1 ]]; then\nif [[ -d \"${LOCAL_APPS_DIR}/Objective-Clean.app\" ]]; then \n\"${LOCAL_APPS_DIR}\"/Objective-Clean.app/Contents/Resources/ObjClean.app/Contents/MacOS/ObjClean \"${SRCROOT}\" \nelse\necho \"warning: You have to install and set up Objective-Clean to use its features!\" \nfi\nfi";
		};
/* End PBXShellScriptBuildPhase section */

/* Begin PBXSourcesBuildPhase section */
		4A4A0FDF1D2350330019E8FD /* Sources */ = {
			isa = PBXSourcesBuildPhase;
			buildActionMask = 2147483647;
			files = (
				4A5C06C81D680E1300F770B1 /* WMFilters.m in Sources */,
				4A7612B41D509AC500DEB65A /* WMAudioSaver.m in Sources */,
				4AC1169F1D41E26500C1D143 /* WMMediaSharer.m in Sources */,
				4A90B5331D65A7EB002DB2A2 /* WMVideoCollectionViewCell.m in Sources */,
				4A4A81E31D37269D00477B18 /* WMVideoRecorder.m in Sources */,
				4A7612B11D50319100DEB65A /* WMAudioRecorder.m in Sources */,
				4A90B5211D65A5E6002DB2A2 /* WMAudioModelManager.m in Sources */,
				4ABFA2A41D4F2AEA005AFE7F /* WMPlayAndStoreAudioViewController.m in Sources */,
				4A5DED1B1D61D51600B55CEB /* WMPlayAndApplyFilterViewController.m in Sources */,
				4A90B5261D65A609002DB2A2 /* WMMediaModel.m in Sources */,
				4A4A0FEE1D2350330019E8FD /* WMViewController.m in Sources */,
				4A4813791D34C571003DEBF1 /* WMAudioModel.m in Sources */,
				4A4A81E61D3726C400477B18 /* WMMediaPlayer.m in Sources */,
				4A7612A81D502E4400DEB65A /* WMAudioHelper.m in Sources */,
				4A4A10311D239AC90019E8FD /* WMShootingVideoViewController.m in Sources */,
				4A5C06CB1D680E1C00F770B1 /* WMFilter.m in Sources */,
				4A4A10021D2359D40019E8FD /* WMCollectionViewCell.m in Sources */,
				4A90B5221D65A5E6002DB2A2 /* WMMediaModelManager.m in Sources */,
				4A9AEADB1D53249F0033F15B /* DALabeledCircularProgressView.m in Sources */,
				4A4A0FEB1D2350330019E8FD /* AppDelegate.m in Sources */,
				4A44CFC71D473B8600C3CC7C /* WMRecordAudioViewController.m in Sources */,
				4A1B555B1D2E4BF000267C67 /* WMPlayAndStoreVideoViewController.m in Sources */,
				4A4813761D34C562003DEBF1 /* WMVideoModel.m in Sources */,
				4A7EF1791D6EB43700458B28 /* WMPlayAndApplyFilterOnStoredVideoViewController.m in Sources */,
				4A6B534F1D6C6A9E00E93D09 /* WMNotificationStrings.m in Sources */,
				4A90B5321D65A7EB002DB2A2 /* WMEditVideoViewController.m in Sources */,
				4A4A0FFF1D2354FC0019E8FD /* WMShowVideosViewController.m in Sources */,
				4A50B79F1D517FBA004B94B3 /* WMMediaUtils.m in Sources */,
				4A9AEADA1D53249F0033F15B /* DACircularProgressView.m in Sources */,
				4A4A0FE81D2350330019E8FD /* main.m in Sources */,
				4A4A81E91D3726EB00477B18 /* WMVideoSaver.m in Sources */,
				4AFE0BB81D64071300CB6373 /* WMFilterCollectionViewCell.m in Sources */,
				4A44CFC31D46F1BE00C3CC7C /* WMVideoHelper.m in Sources */,
				4A90B5231D65A5E6002DB2A2 /* WMVideoModelManager.m in Sources */,
			);
			runOnlyForDeploymentPostprocessing = 0;
		};
/* End PBXSourcesBuildPhase section */

/* Begin PBXVariantGroup section */
		4A4A0FF41D2350330019E8FD /* LaunchScreen.storyboard */ = {
			isa = PBXVariantGroup;
			children = (
				4A4A0FF51D2350330019E8FD /* Base */,
			);
			name = LaunchScreen.storyboard;
			sourceTree = "<group>";
		};
/* End PBXVariantGroup section */

/* Begin XCBuildConfiguration section */
		4A4A0FF81D2350330019E8FD /* Debug */ = {
			isa = XCBuildConfiguration;
			buildSettings = {
				ALWAYS_SEARCH_USER_PATHS = NO;
				CLANG_ANALYZER_NONNULL = YES;
				CLANG_CXX_LANGUAGE_STANDARD = "gnu++0x";
				CLANG_CXX_LIBRARY = "libc++";
				CLANG_ENABLE_MODULES = YES;
				CLANG_ENABLE_OBJC_ARC = YES;
				CLANG_WARN_BOOL_CONVERSION = YES;
				CLANG_WARN_CONSTANT_CONVERSION = YES;
				CLANG_WARN_DIRECT_OBJC_ISA_USAGE = YES_ERROR;
				CLANG_WARN_EMPTY_BODY = YES;
				CLANG_WARN_ENUM_CONVERSION = YES;
				CLANG_WARN_INT_CONVERSION = YES;
				CLANG_WARN_OBJC_ROOT_CLASS = YES_ERROR;
				CLANG_WARN_UNREACHABLE_CODE = YES;
				CLANG_WARN__DUPLICATE_METHOD_MATCH = YES;
				"CODE_SIGN_IDENTITY[sdk=iphoneos*]" = "iPhone Developer";
				COPY_PHASE_STRIP = NO;
				DEBUG_INFORMATION_FORMAT = dwarf;
				ENABLE_STRICT_OBJC_MSGSEND = YES;
				ENABLE_TESTABILITY = YES;
				GCC_C_LANGUAGE_STANDARD = gnu99;
				GCC_DYNAMIC_NO_PIC = NO;
				GCC_NO_COMMON_BLOCKS = YES;
				GCC_OPTIMIZATION_LEVEL = 0;
				GCC_PREPROCESSOR_DEFINITIONS = (
					"DEBUG=1",
					"$(inherited)",
				);
				GCC_WARN_64_TO_32_BIT_CONVERSION = YES;
				GCC_WARN_ABOUT_RETURN_TYPE = YES_ERROR;
				GCC_WARN_UNDECLARED_SELECTOR = YES;
				GCC_WARN_UNINITIALIZED_AUTOS = YES_AGGRESSIVE;
				GCC_WARN_UNUSED_FUNCTION = YES;
				GCC_WARN_UNUSED_VARIABLE = YES;
				IPHONEOS_DEPLOYMENT_TARGET = 9.3;
				MTL_ENABLE_DEBUG_INFO = YES;
				ONLY_ACTIVE_ARCH = YES;
				SDKROOT = iphoneos;
				TARGETED_DEVICE_FAMILY = "1,2";
			};
			name = Debug;
		};
		4A4A0FF91D2350330019E8FD /* Release */ = {
			isa = XCBuildConfiguration;
			buildSettings = {
				ALWAYS_SEARCH_USER_PATHS = NO;
				CLANG_ANALYZER_NONNULL = YES;
				CLANG_CXX_LANGUAGE_STANDARD = "gnu++0x";
				CLANG_CXX_LIBRARY = "libc++";
				CLANG_ENABLE_MODULES = YES;
				CLANG_ENABLE_OBJC_ARC = YES;
				CLANG_WARN_BOOL_CONVERSION = YES;
				CLANG_WARN_CONSTANT_CONVERSION = YES;
				CLANG_WARN_DIRECT_OBJC_ISA_USAGE = YES_ERROR;
				CLANG_WARN_EMPTY_BODY = YES;
				CLANG_WARN_ENUM_CONVERSION = YES;
				CLANG_WARN_INT_CONVERSION = YES;
				CLANG_WARN_OBJC_ROOT_CLASS = YES_ERROR;
				CLANG_WARN_UNREACHABLE_CODE = YES;
				CLANG_WARN__DUPLICATE_METHOD_MATCH = YES;
				"CODE_SIGN_IDENTITY[sdk=iphoneos*]" = "iPhone Developer";
				COPY_PHASE_STRIP = NO;
				DEBUG_INFORMATION_FORMAT = "dwarf-with-dsym";
				ENABLE_NS_ASSERTIONS = NO;
				ENABLE_STRICT_OBJC_MSGSEND = YES;
				GCC_C_LANGUAGE_STANDARD = gnu99;
				GCC_NO_COMMON_BLOCKS = YES;
				GCC_WARN_64_TO_32_BIT_CONVERSION = YES;
				GCC_WARN_ABOUT_RETURN_TYPE = YES_ERROR;
				GCC_WARN_UNDECLARED_SELECTOR = YES;
				GCC_WARN_UNINITIALIZED_AUTOS = YES_AGGRESSIVE;
				GCC_WARN_UNUSED_FUNCTION = YES;
				GCC_WARN_UNUSED_VARIABLE = YES;
				IPHONEOS_DEPLOYMENT_TARGET = 9.3;
				MTL_ENABLE_DEBUG_INFO = NO;
				SDKROOT = iphoneos;
				TARGETED_DEVICE_FAMILY = "1,2";
				VALIDATE_PRODUCT = YES;
			};
			name = Release;
		};
		4A4A0FFB1D2350330019E8FD /* Debug */ = {
			isa = XCBuildConfiguration;
			buildSettings = {
				ASSETCATALOG_COMPILER_APPICON_NAME = AppIcon;
				CODE_SIGN_IDENTITY = "iPhone Developer";
				INFOPLIST_FILE = WorksMovie/Info.plist;
				LD_RUNPATH_SEARCH_PATHS = "$(inherited) @executable_path/Frameworks";
				PRODUCT_BUNDLE_IDENTIFIER = WMWorksMovie;
				PRODUCT_NAME = "$(TARGET_NAME)";
			};
			name = Debug;
		};
		4A4A0FFC1D2350330019E8FD /* Release */ = {
			isa = XCBuildConfiguration;
			buildSettings = {
				ASSETCATALOG_COMPILER_APPICON_NAME = AppIcon;
				CODE_SIGN_IDENTITY = "iPhone Developer";
				INFOPLIST_FILE = WorksMovie/Info.plist;
				LD_RUNPATH_SEARCH_PATHS = "$(inherited) @executable_path/Frameworks";
				PRODUCT_BUNDLE_IDENTIFIER = WMWorksMovie;
				PRODUCT_NAME = "$(TARGET_NAME)";
			};
			name = Release;
		};
/* End XCBuildConfiguration section */

/* Begin XCConfigurationList section */
		4A4A0FDE1D2350330019E8FD /* Build configuration list for PBXProject "WorksMovie" */ = {
			isa = XCConfigurationList;
			buildConfigurations = (
				4A4A0FF81D2350330019E8FD /* Debug */,
				4A4A0FF91D2350330019E8FD /* Release */,
			);
			defaultConfigurationIsVisible = 0;
			defaultConfigurationName = Release;
		};
		4A4A0FFA1D2350330019E8FD /* Build configuration list for PBXNativeTarget "WorksMovie" */ = {
			isa = XCConfigurationList;
			buildConfigurations = (
				4A4A0FFB1D2350330019E8FD /* Debug */,
				4A4A0FFC1D2350330019E8FD /* Release */,
			);
			defaultConfigurationIsVisible = 0;
			defaultConfigurationName = Release;
		};
/* End XCConfigurationList section */
	};
	rootObject = 4A4A0FDB1D2350330019E8FD /* Project object */;
}
